
Microsoft Visual Studio Solution File, Format Version 12.00
# Visual Studio Version 16
VisualStudioVersion = 16.0.31410.357
MinimumVisualStudioVersion = 10.0.40219.1
Project("{D954291E-2A0B-460D-934E-DC6B0785DB48}") = "POSUNO.Shared", "POSUNO.Shared\POSUNO.Shared.shproj", "{6279C845-92F8-4333-AB99-3D213163593C}"
EndProject
Project("{2150E333-8FDC-42A3-9474-1A3956D46DE8}") = "Platforms", "Platforms", "{ADC253C7-B8A6-47A7-A9DE-AD856D4E3621}"
EndProject
Project("{FAE04EC0-301F-11D3-BF4B-00C04F79EFBC}") = "POSUNO.Droid", "POSUNO.Droid\POSUNO.Droid.csproj", "{27F7534E-08CE-430E-AEEE-6B6006427267}"
EndProject
Project("{FAE04EC0-301F-11D3-BF4B-00C04F79EFBC}") = "POSUNO.iOS", "POSUNO.iOS\POSUNO.iOS.csproj", "{F8A8A8AF-CACF-4A65-9BBC-373A7953CAF3}"
EndProject
Project("{FAE04EC0-301F-11D3-BF4B-00C04F79EFBC}") = "POSUNO.UWP", "POSUNO.UWP\POSUNO.UWP.csproj", "{CE644220-1B67-4735-9738-1F2BB0B8DB8C}"
EndProject
Project("{9A19103F-16F7-4668-BE54-9A1E7A4F7556}") = "POSUNO.Wasm", "POSUNO.Wasm\POSUNO.Wasm.csproj", "{E1E91426-7CCF-4101-9C19-C9859F34E5F4}"
EndProject
Project("{FAE04EC0-301F-11D3-BF4B-00C04F79EFBC}") = "POSUNO.macOS", "POSUNO.macOS\POSUNO.macOS.csproj", "{B492065F-53F9-486A-819D-8AFE0D8B1F6D}"
EndProject
Project("{9A19103F-16F7-4668-BE54-9A1E7A4F7556}") = "POSUNO.Skia.Wpf.Host", "POSUNO.Skia.Wpf.Host\POSUNO.Skia.Wpf.Host.csproj", "{0E1AFFAA-39E6-4E51-BDE1-12F1F24B7386}"
EndProject
Project("{9A19103F-16F7-4668-BE54-9A1E7A4F7556}") = "POSUNO.Skia.Wpf", "POSUNO.Skia.Wpf\POSUNO.Skia.Wpf.csproj", "{F2D7D2BF-2B94-4C2F-B93C-548C38D250F8}"
EndProject
Project("{9A19103F-16F7-4668-BE54-9A1E7A4F7556}") = "POSUNO.Skia.Gtk", "POSUNO.Skia.Gtk\POSUNO.Skia.Gtk.csproj", "{883801DB-2032-4F31-AA16-19709236D9C7}"
EndProject
Project("{9A19103F-16F7-4668-BE54-9A1E7A4F7556}") = "POSUNO.Skia.Tizen", "POSUNO.Skia.Tizen\POSUNO.Skia.Tizen.csproj", "{03A9314A-91C3-460D-8428-5617A5FF4344}"
EndProject
Project("{FAE04EC0-301F-11D3-BF4B-00C04F79EFBC}") = "POSUNO.Api", "POSUNO.Api\POSUNO.Api.csproj", "{5F24235A-EBCC-45D6-8E09-9060DFA30FC4}"
EndProject
Global
	GlobalSection(SharedMSBuildProjectFiles) = preSolution
		POSUNO.Shared\POSUNO.Shared.projitems*{03a9314a-91c3-460d-8428-5617a5ff4344}*SharedItemsImports = 5
		POSUNO.Shared\POSUNO.Shared.projitems*{27f7534e-08ce-430e-aeee-6b6006427267}*SharedItemsImports = 4
		POSUNO.Shared\POSUNO.Shared.projitems*{6279c845-92f8-4333-ab99-3d213163593c}*SharedItemsImports = 13
		POSUNO.Shared\POSUNO.Shared.projitems*{883801db-2032-4f31-aa16-19709236d9c7}*SharedItemsImports = 5
		POSUNO.Shared\POSUNO.Shared.projitems*{b492065f-53f9-486a-819d-8afe0d8b1f6d}*SharedItemsImports = 4
		POSUNO.Shared\POSUNO.Shared.projitems*{ce644220-1b67-4735-9738-1f2bb0b8db8c}*SharedItemsImports = 4
		POSUNO.Shared\POSUNO.Shared.projitems*{e1e91426-7ccf-4101-9c19-c9859f34e5f4}*SharedItemsImports = 5
		POSUNO.Shared\POSUNO.Shared.projitems*{f2d7d2bf-2b94-4c2f-b93c-548c38d250f8}*SharedItemsImports = 5
		POSUNO.Shared\POSUNO.Shared.projitems*{f8a8a8af-cacf-4a65-9bbc-373a7953caf3}*SharedItemsImports = 4
	EndGlobalSection
	GlobalSection(SolutionConfigurationPlatforms) = preSolution
		Ad-Hoc|Any CPU = Ad-Hoc|Any CPU
		Ad-Hoc|ARM = Ad-Hoc|ARM
		Ad-Hoc|ARM64 = Ad-Hoc|ARM64
		Ad-Hoc|iPhone = Ad-Hoc|iPhone
		Ad-Hoc|iPhoneSimulator = Ad-Hoc|iPhoneSimulator
		Ad-Hoc|x64 = Ad-Hoc|x64
		Ad-Hoc|x86 = Ad-Hoc|x86
		AppStore|Any CPU = AppStore|Any CPU
		AppStore|ARM = AppStore|ARM
		AppStore|ARM64 = AppStore|ARM64
		AppStore|iPhone = AppStore|iPhone
		AppStore|iPhoneSimulator = AppStore|iPhoneSimulator
		AppStore|x64 = AppStore|x64
		AppStore|x86 = AppStore|x86
		Debug|Any CPU = Debug|Any CPU
		Debug|ARM = Debug|ARM
		Debug|ARM64 = Debug|ARM64
		Debug|iPhone = Debug|iPhone
		Debug|iPhoneSimulator = Debug|iPhoneSimulator
		Debug|x64 = Debug|x64
		Debug|x86 = Debug|x86
		Release|Any CPU = Release|Any CPU
		Release|ARM = Release|ARM
		Release|ARM64 = Release|ARM64
		Release|iPhone = Release|iPhone
		Release|iPhoneSimulator = Release|iPhoneSimulator
		Release|x64 = Release|x64
		Release|x86 = Release|x86
	EndGlobalSection
	GlobalSection(ProjectConfigurationPlatforms) = postSolution
		{27F7534E-08CE-430E-AEEE-6B6006427267}.Ad-Hoc|Any CPU.ActiveCfg = Debug|Any CPU
		{27F7534E-08CE-430E-AEEE-6B6006427267}.Ad-Hoc|Any CPU.Build.0 = Debug|Any CPU
		{27F7534E-08CE-430E-AEEE-6B6006427267}.Ad-Hoc|Any CPU.Deploy.0 = Debug|Any CPU
		{27F7534E-08CE-430E-AEEE-6B6006427267}.Ad-Hoc|ARM.ActiveCfg = Debug|Any CPU
		{27F7534E-08CE-430E-AEEE-6B6006427267}.Ad-Hoc|ARM.Build.0 = Debug|Any CPU
		{27F7534E-08CE-430E-AEEE-6B6006427267}.Ad-Hoc|ARM.Deploy.0 = Debug|Any CPU
		{27F7534E-08CE-430E-AEEE-6B6006427267}.Ad-Hoc|ARM64.ActiveCfg = Debug|Any CPU
		{27F7534E-08CE-430E-AEEE-6B6006427267}.Ad-Hoc|ARM64.Build.0 = Debug|Any CPU
		{27F7534E-08CE-430E-AEEE-6B6006427267}.Ad-Hoc|ARM64.Deploy.0 = Debug|Any CPU
		{27F7534E-08CE-430E-AEEE-6B6006427267}.Ad-Hoc|iPhone.ActiveCfg = Debug|Any CPU
		{27F7534E-08CE-430E-AEEE-6B6006427267}.Ad-Hoc|iPhone.Build.0 = Debug|Any CPU
		{27F7534E-08CE-430E-AEEE-6B6006427267}.Ad-Hoc|iPhone.Deploy.0 = Debug|Any CPU
		{27F7534E-08CE-430E-AEEE-6B6006427267}.Ad-Hoc|iPhoneSimulator.ActiveCfg = Debug|Any CPU
		{27F7534E-08CE-430E-AEEE-6B6006427267}.Ad-Hoc|iPhoneSimulator.Build.0 = Debug|Any CPU
		{27F7534E-08CE-430E-AEEE-6B6006427267}.Ad-Hoc|iPhoneSimulator.Deploy.0 = Debug|Any CPU
		{27F7534E-08CE-430E-AEEE-6B6006427267}.Ad-Hoc|x64.ActiveCfg = Debug|Any CPU
		{27F7534E-08CE-430E-AEEE-6B6006427267}.Ad-Hoc|x64.Build.0 = Debug|Any CPU
		{27F7534E-08CE-430E-AEEE-6B6006427267}.Ad-Hoc|x64.Deploy.0 = Debug|Any CPU
		{27F7534E-08CE-430E-AEEE-6B6006427267}.Ad-Hoc|x86.ActiveCfg = Debug|Any CPU
		{27F7534E-08CE-430E-AEEE-6B6006427267}.Ad-Hoc|x86.Build.0 = Debug|Any CPU
		{27F7534E-08CE-430E-AEEE-6B6006427267}.Ad-Hoc|x86.Deploy.0 = Debug|Any CPU
		{27F7534E-08CE-430E-AEEE-6B6006427267}.AppStore|Any CPU.ActiveCfg = Debug|Any CPU
		{27F7534E-08CE-430E-AEEE-6B6006427267}.AppStore|Any CPU.Build.0 = Debug|Any CPU
		{27F7534E-08CE-430E-AEEE-6B6006427267}.AppStore|Any CPU.Deploy.0 = Debug|Any CPU
		{27F7534E-08CE-430E-AEEE-6B6006427267}.AppStore|ARM.ActiveCfg = Debug|Any CPU
		{27F7534E-08CE-430E-AEEE-6B6006427267}.AppStore|ARM.Build.0 = Debug|Any CPU
		{27F7534E-08CE-430E-AEEE-6B6006427267}.AppStore|ARM.Deploy.0 = Debug|Any CPU
		{27F7534E-08CE-430E-AEEE-6B6006427267}.AppStore|ARM64.ActiveCfg = Debug|Any CPU
		{27F7534E-08CE-430E-AEEE-6B6006427267}.AppStore|ARM64.Build.0 = Debug|Any CPU
		{27F7534E-08CE-430E-AEEE-6B6006427267}.AppStore|ARM64.Deploy.0 = Debug|Any CPU
		{27F7534E-08CE-430E-AEEE-6B6006427267}.AppStore|iPhone.ActiveCfg = Debug|Any CPU
		{27F7534E-08CE-430E-AEEE-6B6006427267}.AppStore|iPhone.Build.0 = Debug|Any CPU
		{27F7534E-08CE-430E-AEEE-6B6006427267}.AppStore|iPhone.Deploy.0 = Debug|Any CPU
		{27F7534E-08CE-430E-AEEE-6B6006427267}.AppStore|iPhoneSimulator.ActiveCfg = Debug|Any CPU
		{27F7534E-08CE-430E-AEEE-6B6006427267}.AppStore|iPhoneSimulator.Build.0 = Debug|Any CPU
		{27F7534E-08CE-430E-AEEE-6B6006427267}.AppStore|iPhoneSimulator.Deploy.0 = Debug|Any CPU
		{27F7534E-08CE-430E-AEEE-6B6006427267}.AppStore|x64.ActiveCfg = Debug|Any CPU
		{27F7534E-08CE-430E-AEEE-6B6006427267}.AppStore|x64.Build.0 = Debug|Any CPU
		{27F7534E-08CE-430E-AEEE-6B6006427267}.AppStore|x64.Deploy.0 = Debug|Any CPU
		{27F7534E-08CE-430E-AEEE-6B6006427267}.AppStore|x86.ActiveCfg = Debug|Any CPU
		{27F7534E-08CE-430E-AEEE-6B6006427267}.AppStore|x86.Build.0 = Debug|Any CPU
		{27F7534E-08CE-430E-AEEE-6B6006427267}.AppStore|x86.Deploy.0 = Debug|Any CPU
		{27F7534E-08CE-430E-AEEE-6B6006427267}.Debug|Any CPU.ActiveCfg = Debug|Any CPU
		{27F7534E-08CE-430E-AEEE-6B6006427267}.Debug|Any CPU.Build.0 = Debug|Any CPU
		{27F7534E-08CE-430E-AEEE-6B6006427267}.Debug|Any CPU.Deploy.0 = Debug|Any CPU
		{27F7534E-08CE-430E-AEEE-6B6006427267}.Debug|ARM.ActiveCfg = Debug|Any CPU
		{27F7534E-08CE-430E-AEEE-6B6006427267}.Debug|ARM.Build.0 = Debug|Any CPU
		{27F7534E-08CE-430E-AEEE-6B6006427267}.Debug|ARM.Deploy.0 = Debug|Any CPU
		{27F7534E-08CE-430E-AEEE-6B6006427267}.Debug|ARM64.ActiveCfg = Debug|Any CPU
		{27F7534E-08CE-430E-AEEE-6B6006427267}.Debug|ARM64.Build.0 = Debug|Any CPU
		{27F7534E-08CE-430E-AEEE-6B6006427267}.Debug|ARM64.Deploy.0 = Debug|Any CPU
		{27F7534E-08CE-430E-AEEE-6B6006427267}.Debug|iPhone.ActiveCfg = Debug|Any CPU
		{27F7534E-08CE-430E-AEEE-6B6006427267}.Debug|iPhone.Build.0 = Debug|Any CPU
		{27F7534E-08CE-430E-AEEE-6B6006427267}.Debug|iPhone.Deploy.0 = Debug|Any CPU
		{27F7534E-08CE-430E-AEEE-6B6006427267}.Debug|iPhoneSimulator.ActiveCfg = Debug|Any CPU
		{27F7534E-08CE-430E-AEEE-6B6006427267}.Debug|iPhoneSimulator.Build.0 = Debug|Any CPU
		{27F7534E-08CE-430E-AEEE-6B6006427267}.Debug|iPhoneSimulator.Deploy.0 = Debug|Any CPU
		{27F7534E-08CE-430E-AEEE-6B6006427267}.Debug|x64.ActiveCfg = Debug|Any CPU
		{27F7534E-08CE-430E-AEEE-6B6006427267}.Debug|x64.Build.0 = Debug|Any CPU
		{27F7534E-08CE-430E-AEEE-6B6006427267}.Debug|x64.Deploy.0 = Debug|Any CPU
		{27F7534E-08CE-430E-AEEE-6B6006427267}.Debug|x86.ActiveCfg = Debug|Any CPU
		{27F7534E-08CE-430E-AEEE-6B6006427267}.Debug|x86.Build.0 = Debug|Any CPU
		{27F7534E-08CE-430E-AEEE-6B6006427267}.Debug|x86.Deploy.0 = Debug|Any CPU
		{27F7534E-08CE-430E-AEEE-6B6006427267}.Release|Any CPU.ActiveCfg = Release|Any CPU
		{27F7534E-08CE-430E-AEEE-6B6006427267}.Release|Any CPU.Build.0 = Release|Any CPU
		{27F7534E-08CE-430E-AEEE-6B6006427267}.Release|Any CPU.Deploy.0 = Release|Any CPU
		{27F7534E-08CE-430E-AEEE-6B6006427267}.Release|ARM.ActiveCfg = Release|Any CPU
		{27F7534E-08CE-430E-AEEE-6B6006427267}.Release|ARM.Build.0 = Release|Any CPU
		{27F7534E-08CE-430E-AEEE-6B6006427267}.Release|ARM.Deploy.0 = Release|Any CPU
		{27F7534E-08CE-430E-AEEE-6B6006427267}.Release|ARM64.ActiveCfg = Release|Any CPU
		{27F7534E-08CE-430E-AEEE-6B6006427267}.Release|ARM64.Build.0 = Release|Any CPU
		{27F7534E-08CE-430E-AEEE-6B6006427267}.Release|ARM64.Deploy.0 = Release|Any CPU
		{27F7534E-08CE-430E-AEEE-6B6006427267}.Release|iPhone.ActiveCfg = Release|Any CPU
		{27F7534E-08CE-430E-AEEE-6B6006427267}.Release|iPhone.Build.0 = Release|Any CPU
		{27F7534E-08CE-430E-AEEE-6B6006427267}.Release|iPhone.Deploy.0 = Release|Any CPU
		{27F7534E-08CE-430E-AEEE-6B6006427267}.Release|iPhoneSimulator.ActiveCfg = Release|Any CPU
		{27F7534E-08CE-430E-AEEE-6B6006427267}.Release|iPhoneSimulator.Build.0 = Release|Any CPU
		{27F7534E-08CE-430E-AEEE-6B6006427267}.Release|iPhoneSimulator.Deploy.0 = Release|Any CPU
		{27F7534E-08CE-430E-AEEE-6B6006427267}.Release|x64.ActiveCfg = Release|Any CPU
		{27F7534E-08CE-430E-AEEE-6B6006427267}.Release|x64.Build.0 = Release|Any CPU
		{27F7534E-08CE-430E-AEEE-6B6006427267}.Release|x64.Deploy.0 = Release|Any CPU
		{27F7534E-08CE-430E-AEEE-6B6006427267}.Release|x86.ActiveCfg = Release|Any CPU
		{27F7534E-08CE-430E-AEEE-6B6006427267}.Release|x86.Build.0 = Release|Any CPU
		{27F7534E-08CE-430E-AEEE-6B6006427267}.Release|x86.Deploy.0 = Release|Any CPU
		{F8A8A8AF-CACF-4A65-9BBC-373A7953CAF3}.Ad-Hoc|Any CPU.ActiveCfg = Ad-Hoc|iPhoneSimulator
		{F8A8A8AF-CACF-4A65-9BBC-373A7953CAF3}.Ad-Hoc|ARM.ActiveCfg = Ad-Hoc|iPhoneSimulator
		{F8A8A8AF-CACF-4A65-9BBC-373A7953CAF3}.Ad-Hoc|ARM64.ActiveCfg = Ad-Hoc|iPhoneSimulator
		{F8A8A8AF-CACF-4A65-9BBC-373A7953CAF3}.Ad-Hoc|iPhone.ActiveCfg = Ad-Hoc|iPhone
		{F8A8A8AF-CACF-4A65-9BBC-373A7953CAF3}.Ad-Hoc|iPhone.Build.0 = Ad-Hoc|iPhone
		{F8A8A8AF-CACF-4A65-9BBC-373A7953CAF3}.Ad-Hoc|iPhoneSimulator.ActiveCfg = Ad-Hoc|iPhoneSimulator
		{F8A8A8AF-CACF-4A65-9BBC-373A7953CAF3}.Ad-Hoc|iPhoneSimulator.Build.0 = Ad-Hoc|iPhoneSimulator
		{F8A8A8AF-CACF-4A65-9BBC-373A7953CAF3}.Ad-Hoc|x64.ActiveCfg = Ad-Hoc|iPhoneSimulator
		{F8A8A8AF-CACF-4A65-9BBC-373A7953CAF3}.Ad-Hoc|x86.ActiveCfg = Ad-Hoc|iPhoneSimulator
		{F8A8A8AF-CACF-4A65-9BBC-373A7953CAF3}.AppStore|Any CPU.ActiveCfg = AppStore|iPhoneSimulator
		{F8A8A8AF-CACF-4A65-9BBC-373A7953CAF3}.AppStore|ARM.ActiveCfg = AppStore|iPhoneSimulator
		{F8A8A8AF-CACF-4A65-9BBC-373A7953CAF3}.AppStore|ARM64.ActiveCfg = AppStore|iPhoneSimulator
		{F8A8A8AF-CACF-4A65-9BBC-373A7953CAF3}.AppStore|iPhone.ActiveCfg = AppStore|iPhone
		{F8A8A8AF-CACF-4A65-9BBC-373A7953CAF3}.AppStore|iPhone.Build.0 = AppStore|iPhone
		{F8A8A8AF-CACF-4A65-9BBC-373A7953CAF3}.AppStore|iPhoneSimulator.ActiveCfg = AppStore|iPhoneSimulator
		{F8A8A8AF-CACF-4A65-9BBC-373A7953CAF3}.AppStore|iPhoneSimulator.Build.0 = AppStore|iPhoneSimulator
		{F8A8A8AF-CACF-4A65-9BBC-373A7953CAF3}.AppStore|x64.ActiveCfg = AppStore|iPhoneSimulator
		{F8A8A8AF-CACF-4A65-9BBC-373A7953CAF3}.AppStore|x86.ActiveCfg = AppStore|iPhoneSimulator
		{F8A8A8AF-CACF-4A65-9BBC-373A7953CAF3}.Debug|Any CPU.ActiveCfg = Debug|iPhoneSimulator
		{F8A8A8AF-CACF-4A65-9BBC-373A7953CAF3}.Debug|ARM.ActiveCfg = Debug|iPhoneSimulator
		{F8A8A8AF-CACF-4A65-9BBC-373A7953CAF3}.Debug|ARM64.ActiveCfg = Debug|iPhoneSimulator
		{F8A8A8AF-CACF-4A65-9BBC-373A7953CAF3}.Debug|iPhone.ActiveCfg = Debug|iPhone
		{F8A8A8AF-CACF-4A65-9BBC-373A7953CAF3}.Debug|iPhone.Build.0 = Debug|iPhone
		{F8A8A8AF-CACF-4A65-9BBC-373A7953CAF3}.Debug|iPhoneSimulator.ActiveCfg = Debug|iPhoneSimulator
		{F8A8A8AF-CACF-4A65-9BBC-373A7953CAF3}.Debug|iPhoneSimulator.Build.0 = Debug|iPhoneSimulator
		{F8A8A8AF-CACF-4A65-9BBC-373A7953CAF3}.Debug|x64.ActiveCfg = Debug|iPhoneSimulator
		{F8A8A8AF-CACF-4A65-9BBC-373A7953CAF3}.Debug|x86.ActiveCfg = Debug|iPhoneSimulator
		{F8A8A8AF-CACF-4A65-9BBC-373A7953CAF3}.Release|Any CPU.ActiveCfg = Release|iPhoneSimulator
		{F8A8A8AF-CACF-4A65-9BBC-373A7953CAF3}.Release|ARM.ActiveCfg = Release|iPhoneSimulator
		{F8A8A8AF-CACF-4A65-9BBC-373A7953CAF3}.Release|ARM64.ActiveCfg = Release|iPhoneSimulator
		{F8A8A8AF-CACF-4A65-9BBC-373A7953CAF3}.Release|iPhone.ActiveCfg = Release|iPhone
		{F8A8A8AF-CACF-4A65-9BBC-373A7953CAF3}.Release|iPhone.Build.0 = Release|iPhone
		{F8A8A8AF-CACF-4A65-9BBC-373A7953CAF3}.Release|iPhoneSimulator.ActiveCfg = Release|iPhoneSimulator
		{F8A8A8AF-CACF-4A65-9BBC-373A7953CAF3}.Release|iPhoneSimulator.Build.0 = Release|iPhoneSimulator
		{F8A8A8AF-CACF-4A65-9BBC-373A7953CAF3}.Release|x64.ActiveCfg = Release|iPhoneSimulator
		{F8A8A8AF-CACF-4A65-9BBC-373A7953CAF3}.Release|x86.ActiveCfg = Release|iPhoneSimulator
		{CE644220-1B67-4735-9738-1F2BB0B8DB8C}.Ad-Hoc|Any CPU.ActiveCfg = Debug|x86
		{CE644220-1B67-4735-9738-1F2BB0B8DB8C}.Ad-Hoc|Any CPU.Build.0 = Debug|x86
		{CE644220-1B67-4735-9738-1F2BB0B8DB8C}.Ad-Hoc|Any CPU.Deploy.0 = Debug|x86
		{CE644220-1B67-4735-9738-1F2BB0B8DB8C}.Ad-Hoc|ARM.ActiveCfg = Debug|ARM
		{CE644220-1B67-4735-9738-1F2BB0B8DB8C}.Ad-Hoc|ARM.Build.0 = Debug|ARM
		{CE644220-1B67-4735-9738-1F2BB0B8DB8C}.Ad-Hoc|ARM.Deploy.0 = Debug|ARM
		{CE644220-1B67-4735-9738-1F2BB0B8DB8C}.Ad-Hoc|ARM64.ActiveCfg = Debug|ARM64
		{CE644220-1B67-4735-9738-1F2BB0B8DB8C}.Ad-Hoc|ARM64.Build.0 = Debug|ARM64
		{CE644220-1B67-4735-9738-1F2BB0B8DB8C}.Ad-Hoc|ARM64.Deploy.0 = Debug|ARM64
		{CE644220-1B67-4735-9738-1F2BB0B8DB8C}.Ad-Hoc|iPhone.ActiveCfg = Debug|x86
		{CE644220-1B67-4735-9738-1F2BB0B8DB8C}.Ad-Hoc|iPhone.Build.0 = Debug|x86
		{CE644220-1B67-4735-9738-1F2BB0B8DB8C}.Ad-Hoc|iPhone.Deploy.0 = Debug|x86
		{CE644220-1B67-4735-9738-1F2BB0B8DB8C}.Ad-Hoc|iPhoneSimulator.ActiveCfg = Debug|x86
		{CE644220-1B67-4735-9738-1F2BB0B8DB8C}.Ad-Hoc|iPhoneSimulator.Build.0 = Debug|x86
		{CE644220-1B67-4735-9738-1F2BB0B8DB8C}.Ad-Hoc|iPhoneSimulator.Deploy.0 = Debug|x86
		{CE644220-1B67-4735-9738-1F2BB0B8DB8C}.Ad-Hoc|x64.ActiveCfg = Debug|x64
		{CE644220-1B67-4735-9738-1F2BB0B8DB8C}.Ad-Hoc|x64.Build.0 = Debug|x64
		{CE644220-1B67-4735-9738-1F2BB0B8DB8C}.Ad-Hoc|x64.Deploy.0 = Debug|x64
		{CE644220-1B67-4735-9738-1F2BB0B8DB8C}.Ad-Hoc|x86.ActiveCfg = Debug|x86
		{CE644220-1B67-4735-9738-1F2BB0B8DB8C}.Ad-Hoc|x86.Build.0 = Debug|x86
		{CE644220-1B67-4735-9738-1F2BB0B8DB8C}.Ad-Hoc|x86.Deploy.0 = Debug|x86
		{CE644220-1B67-4735-9738-1F2BB0B8DB8C}.AppStore|Any CPU.ActiveCfg = Debug|x86
		{CE644220-1B67-4735-9738-1F2BB0B8DB8C}.AppStore|Any CPU.Build.0 = Debug|x86
		{CE644220-1B67-4735-9738-1F2BB0B8DB8C}.AppStore|Any CPU.Deploy.0 = Debug|x86
		{CE644220-1B67-4735-9738-1F2BB0B8DB8C}.AppStore|ARM.ActiveCfg = Debug|ARM
		{CE644220-1B67-4735-9738-1F2BB0B8DB8C}.AppStore|ARM.Build.0 = Debug|ARM
		{CE644220-1B67-4735-9738-1F2BB0B8DB8C}.AppStore|ARM.Deploy.0 = Debug|ARM
		{CE644220-1B67-4735-9738-1F2BB0B8DB8C}.AppStore|ARM64.ActiveCfg = Debug|ARM64
		{CE644220-1B67-4735-9738-1F2BB0B8DB8C}.AppStore|ARM64.Build.0 = Debug|ARM64
		{CE644220-1B67-4735-9738-1F2BB0B8DB8C}.AppStore|ARM64.Deploy.0 = Debug|ARM64
		{CE644220-1B67-4735-9738-1F2BB0B8DB8C}.AppStore|iPhone.ActiveCfg = Debug|x86
		{CE644220-1B67-4735-9738-1F2BB0B8DB8C}.AppStore|iPhone.Build.0 = Debug|x86
		{CE644220-1B67-4735-9738-1F2BB0B8DB8C}.AppStore|iPhone.Deploy.0 = Debug|x86
		{CE644220-1B67-4735-9738-1F2BB0B8DB8C}.AppStore|iPhoneSimulator.ActiveCfg = Debug|x86
		{CE644220-1B67-4735-9738-1F2BB0B8DB8C}.AppStore|iPhoneSimulator.Build.0 = Debug|x86
		{CE644220-1B67-4735-9738-1F2BB0B8DB8C}.AppStore|iPhoneSimulator.Deploy.0 = Debug|x86
		{CE644220-1B67-4735-9738-1F2BB0B8DB8C}.AppStore|x64.ActiveCfg = Debug|x64
		{CE644220-1B67-4735-9738-1F2BB0B8DB8C}.AppStore|x64.Build.0 = Debug|x64
		{CE644220-1B67-4735-9738-1F2BB0B8DB8C}.AppStore|x64.Deploy.0 = Debug|x64
		{CE644220-1B67-4735-9738-1F2BB0B8DB8C}.AppStore|x86.ActiveCfg = Debug|x86
		{CE644220-1B67-4735-9738-1F2BB0B8DB8C}.AppStore|x86.Build.0 = Debug|x86
		{CE644220-1B67-4735-9738-1F2BB0B8DB8C}.AppStore|x86.Deploy.0 = Debug|x86
		{CE644220-1B67-4735-9738-1F2BB0B8DB8C}.Debug|Any CPU.ActiveCfg = Debug|x86
		{CE644220-1B67-4735-9738-1F2BB0B8DB8C}.Debug|Any CPU.Build.0 = Debug|x86
		{CE644220-1B67-4735-9738-1F2BB0B8DB8C}.Debug|Any CPU.Deploy.0 = Debug|x86
		{CE644220-1B67-4735-9738-1F2BB0B8DB8C}.Debug|ARM.ActiveCfg = Debug|ARM
		{CE644220-1B67-4735-9738-1F2BB0B8DB8C}.Debug|ARM.Build.0 = Debug|ARM
		{CE644220-1B67-4735-9738-1F2BB0B8DB8C}.Debug|ARM.Deploy.0 = Debug|ARM
		{CE644220-1B67-4735-9738-1F2BB0B8DB8C}.Debug|ARM64.ActiveCfg = Debug|ARM64
		{CE644220-1B67-4735-9738-1F2BB0B8DB8C}.Debug|ARM64.Build.0 = Debug|ARM64
		{CE644220-1B67-4735-9738-1F2BB0B8DB8C}.Debug|ARM64.Deploy.0 = Debug|ARM64
		{CE644220-1B67-4735-9738-1F2BB0B8DB8C}.Debug|iPhone.ActiveCfg = Debug|x86
		{CE644220-1B67-4735-9738-1F2BB0B8DB8C}.Debug|iPhoneSimulator.ActiveCfg = Debug|x86
		{CE644220-1B67-4735-9738-1F2BB0B8DB8C}.Debug|x64.ActiveCfg = Debug|x64
		{CE644220-1B67-4735-9738-1F2BB0B8DB8C}.Debug|x64.Build.0 = Debug|x64
		{CE644220-1B67-4735-9738-1F2BB0B8DB8C}.Debug|x64.Deploy.0 = Debug|x64
		{CE644220-1B67-4735-9738-1F2BB0B8DB8C}.Debug|x86.ActiveCfg = Debug|x86
		{CE644220-1B67-4735-9738-1F2BB0B8DB8C}.Debug|x86.Build.0 = Debug|x86
		{CE644220-1B67-4735-9738-1F2BB0B8DB8C}.Debug|x86.Deploy.0 = Debug|x86
		{CE644220-1B67-4735-9738-1F2BB0B8DB8C}.Release|Any CPU.ActiveCfg = Release|x86
		{CE644220-1B67-4735-9738-1F2BB0B8DB8C}.Release|ARM.ActiveCfg = Release|ARM
		{CE644220-1B67-4735-9738-1F2BB0B8DB8C}.Release|ARM.Build.0 = Release|ARM
		{CE644220-1B67-4735-9738-1F2BB0B8DB8C}.Release|ARM.Deploy.0 = Release|ARM
		{CE644220-1B67-4735-9738-1F2BB0B8DB8C}.Release|ARM64.ActiveCfg = Release|ARM64
		{CE644220-1B67-4735-9738-1F2BB0B8DB8C}.Release|ARM64.Build.0 = Release|ARM64
		{CE644220-1B67-4735-9738-1F2BB0B8DB8C}.Release|ARM64.Deploy.0 = Release|ARM64
		{CE644220-1B67-4735-9738-1F2BB0B8DB8C}.Release|iPhone.ActiveCfg = Release|x86
		{CE644220-1B67-4735-9738-1F2BB0B8DB8C}.Release|iPhoneSimulator.ActiveCfg = Release|x86
		{CE644220-1B67-4735-9738-1F2BB0B8DB8C}.Release|x64.ActiveCfg = Release|x64
		{CE644220-1B67-4735-9738-1F2BB0B8DB8C}.Release|x64.Build.0 = Release|x64
		{CE644220-1B67-4735-9738-1F2BB0B8DB8C}.Release|x64.Deploy.0 = Release|x64
		{CE644220-1B67-4735-9738-1F2BB0B8DB8C}.Release|x86.ActiveCfg = Release|x86
		{CE644220-1B67-4735-9738-1F2BB0B8DB8C}.Release|x86.Build.0 = Release|x86
		{CE644220-1B67-4735-9738-1F2BB0B8DB8C}.Release|x86.Deploy.0 = Release|x86
		{E1E91426-7CCF-4101-9C19-C9859F34E5F4}.Ad-Hoc|Any CPU.ActiveCfg = Debug|Any CPU
		{E1E91426-7CCF-4101-9C19-C9859F34E5F4}.Ad-Hoc|Any CPU.Build.0 = Debug|Any CPU
		{E1E91426-7CCF-4101-9C19-C9859F34E5F4}.Ad-Hoc|ARM.ActiveCfg = Debug|Any CPU
		{E1E91426-7CCF-4101-9C19-C9859F34E5F4}.Ad-Hoc|ARM.Build.0 = Debug|Any CPU
		{E1E91426-7CCF-4101-9C19-C9859F34E5F4}.Ad-Hoc|ARM64.ActiveCfg = Debug|Any CPU
		{E1E91426-7CCF-4101-9C19-C9859F34E5F4}.Ad-Hoc|ARM64.Build.0 = Debug|Any CPU
		{E1E91426-7CCF-4101-9C19-C9859F34E5F4}.Ad-Hoc|iPhone.ActiveCfg = Debug|Any CPU
		{E1E91426-7CCF-4101-9C19-C9859F34E5F4}.Ad-Hoc|iPhone.Build.0 = Debug|Any CPU
		{E1E91426-7CCF-4101-9C19-C9859F34E5F4}.Ad-Hoc|iPhoneSimulator.ActiveCfg = Debug|Any CPU
		{E1E91426-7CCF-4101-9C19-C9859F34E5F4}.Ad-Hoc|iPhoneSimulator.Build.0 = Debug|Any CPU
		{E1E91426-7CCF-4101-9C19-C9859F34E5F4}.Ad-Hoc|x64.ActiveCfg = Debug|Any CPU
		{E1E91426-7CCF-4101-9C19-C9859F34E5F4}.Ad-Hoc|x64.Build.0 = Debug|Any CPU
		{E1E91426-7CCF-4101-9C19-C9859F34E5F4}.Ad-Hoc|x86.ActiveCfg = Debug|Any CPU
		{E1E91426-7CCF-4101-9C19-C9859F34E5F4}.Ad-Hoc|x86.Build.0 = Debug|Any CPU
		{E1E91426-7CCF-4101-9C19-C9859F34E5F4}.AppStore|Any CPU.ActiveCfg = Debug|Any CPU
		{E1E91426-7CCF-4101-9C19-C9859F34E5F4}.AppStore|Any CPU.Build.0 = Debug|Any CPU
		{E1E91426-7CCF-4101-9C19-C9859F34E5F4}.AppStore|ARM.ActiveCfg = Debug|Any CPU
		{E1E91426-7CCF-4101-9C19-C9859F34E5F4}.AppStore|ARM.Build.0 = Debug|Any CPU
		{E1E91426-7CCF-4101-9C19-C9859F34E5F4}.AppStore|ARM64.ActiveCfg = Debug|Any CPU
		{E1E91426-7CCF-4101-9C19-C9859F34E5F4}.AppStore|ARM64.Build.0 = Debug|Any CPU
		{E1E91426-7CCF-4101-9C19-C9859F34E5F4}.AppStore|iPhone.ActiveCfg = Debug|Any CPU
		{E1E91426-7CCF-4101-9C19-C9859F34E5F4}.AppStore|iPhone.Build.0 = Debug|Any CPU
		{E1E91426-7CCF-4101-9C19-C9859F34E5F4}.AppStore|iPhoneSimulator.ActiveCfg = Debug|Any CPU
		{E1E91426-7CCF-4101-9C19-C9859F34E5F4}.AppStore|iPhoneSimulator.Build.0 = Debug|Any CPU
		{E1E91426-7CCF-4101-9C19-C9859F34E5F4}.AppStore|x64.ActiveCfg = Debug|Any CPU
		{E1E91426-7CCF-4101-9C19-C9859F34E5F4}.AppStore|x64.Build.0 = Debug|Any CPU
		{E1E91426-7CCF-4101-9C19-C9859F34E5F4}.AppStore|x86.ActiveCfg = Debug|Any CPU
		{E1E91426-7CCF-4101-9C19-C9859F34E5F4}.AppStore|x86.Build.0 = Debug|Any CPU
		{E1E91426-7CCF-4101-9C19-C9859F34E5F4}.Debug|Any CPU.ActiveCfg = Debug|Any CPU
		{E1E91426-7CCF-4101-9C19-C9859F34E5F4}.Debug|Any CPU.Build.0 = Debug|Any CPU
		{E1E91426-7CCF-4101-9C19-C9859F34E5F4}.Debug|ARM.ActiveCfg = Debug|Any CPU
		{E1E91426-7CCF-4101-9C19-C9859F34E5F4}.Debug|ARM.Build.0 = Debug|Any CPU
		{E1E91426-7CCF-4101-9C19-C9859F34E5F4}.Debug|ARM64.ActiveCfg = Debug|Any CPU
		{E1E91426-7CCF-4101-9C19-C9859F34E5F4}.Debug|ARM64.Build.0 = Debug|Any CPU
		{E1E91426-7CCF-4101-9C19-C9859F34E5F4}.Debug|iPhone.ActiveCfg = Debug|Any CPU
		{E1E91426-7CCF-4101-9C19-C9859F34E5F4}.Debug|iPhone.Build.0 = Debug|Any CPU
		{E1E91426-7CCF-4101-9C19-C9859F34E5F4}.Debug|iPhoneSimulator.ActiveCfg = Debug|Any CPU
		{E1E91426-7CCF-4101-9C19-C9859F34E5F4}.Debug|iPhoneSimulator.Build.0 = Debug|Any CPU
		{E1E91426-7CCF-4101-9C19-C9859F34E5F4}.Debug|x64.ActiveCfg = Debug|Any CPU
		{E1E91426-7CCF-4101-9C19-C9859F34E5F4}.Debug|x64.Build.0 = Debug|Any CPU
		{E1E91426-7CCF-4101-9C19-C9859F34E5F4}.Debug|x86.ActiveCfg = Debug|Any CPU
		{E1E91426-7CCF-4101-9C19-C9859F34E5F4}.Debug|x86.Build.0 = Debug|Any CPU
		{E1E91426-7CCF-4101-9C19-C9859F34E5F4}.Release|Any CPU.ActiveCfg = Release|Any CPU
		{E1E91426-7CCF-4101-9C19-C9859F34E5F4}.Release|Any CPU.Build.0 = Release|Any CPU
		{E1E91426-7CCF-4101-9C19-C9859F34E5F4}.Release|ARM.ActiveCfg = Release|Any CPU
		{E1E91426-7CCF-4101-9C19-C9859F34E5F4}.Release|ARM.Build.0 = Release|Any CPU
		{E1E91426-7CCF-4101-9C19-C9859F34E5F4}.Release|ARM64.ActiveCfg = Release|Any CPU
		{E1E91426-7CCF-4101-9C19-C9859F34E5F4}.Release|ARM64.Build.0 = Release|Any CPU
		{E1E91426-7CCF-4101-9C19-C9859F34E5F4}.Release|iPhone.ActiveCfg = Release|Any CPU
		{E1E91426-7CCF-4101-9C19-C9859F34E5F4}.Release|iPhone.Build.0 = Release|Any CPU
		{E1E91426-7CCF-4101-9C19-C9859F34E5F4}.Release|iPhoneSimulator.ActiveCfg = Release|Any CPU
		{E1E91426-7CCF-4101-9C19-C9859F34E5F4}.Release|iPhoneSimulator.Build.0 = Release|Any CPU
		{E1E91426-7CCF-4101-9C19-C9859F34E5F4}.Release|x64.ActiveCfg = Release|Any CPU
		{E1E91426-7CCF-4101-9C19-C9859F34E5F4}.Release|x64.Build.0 = Release|Any CPU
		{E1E91426-7CCF-4101-9C19-C9859F34E5F4}.Release|x86.ActiveCfg = Release|Any CPU
		{E1E91426-7CCF-4101-9C19-C9859F34E5F4}.Release|x86.Build.0 = Release|Any CPU
		{B492065F-53F9-486A-819D-8AFE0D8B1F6D}.Ad-Hoc|Any CPU.ActiveCfg = Debug|iPhoneSimulator
		{B492065F-53F9-486A-819D-8AFE0D8B1F6D}.Ad-Hoc|Any CPU.Build.0 = Debug|iPhoneSimulator
		{B492065F-53F9-486A-819D-8AFE0D8B1F6D}.Ad-Hoc|ARM.ActiveCfg = Debug|iPhoneSimulator
		{B492065F-53F9-486A-819D-8AFE0D8B1F6D}.Ad-Hoc|ARM.Build.0 = Debug|iPhoneSimulator
		{B492065F-53F9-486A-819D-8AFE0D8B1F6D}.Ad-Hoc|ARM64.ActiveCfg = Debug|iPhoneSimulator
		{B492065F-53F9-486A-819D-8AFE0D8B1F6D}.Ad-Hoc|ARM64.Build.0 = Debug|iPhoneSimulator
		{B492065F-53F9-486A-819D-8AFE0D8B1F6D}.Ad-Hoc|iPhone.ActiveCfg = Debug|iPhoneSimulator
		{B492065F-53F9-486A-819D-8AFE0D8B1F6D}.Ad-Hoc|iPhone.Build.0 = Debug|iPhoneSimulator
		{B492065F-53F9-486A-819D-8AFE0D8B1F6D}.Ad-Hoc|iPhoneSimulator.ActiveCfg = Debug|iPhoneSimulator
		{B492065F-53F9-486A-819D-8AFE0D8B1F6D}.Ad-Hoc|iPhoneSimulator.Build.0 = Debug|iPhoneSimulator
		{B492065F-53F9-486A-819D-8AFE0D8B1F6D}.Ad-Hoc|x64.ActiveCfg = Debug|iPhoneSimulator
		{B492065F-53F9-486A-819D-8AFE0D8B1F6D}.Ad-Hoc|x64.Build.0 = Debug|iPhoneSimulator
		{B492065F-53F9-486A-819D-8AFE0D8B1F6D}.Ad-Hoc|x86.ActiveCfg = Debug|iPhoneSimulator
		{B492065F-53F9-486A-819D-8AFE0D8B1F6D}.Ad-Hoc|x86.Build.0 = Debug|iPhoneSimulator
		{B492065F-53F9-486A-819D-8AFE0D8B1F6D}.AppStore|Any CPU.ActiveCfg = Debug|iPhoneSimulator
		{B492065F-53F9-486A-819D-8AFE0D8B1F6D}.AppStore|Any CPU.Build.0 = Debug|iPhoneSimulator
		{B492065F-53F9-486A-819D-8AFE0D8B1F6D}.AppStore|ARM.ActiveCfg = Debug|iPhoneSimulator
		{B492065F-53F9-486A-819D-8AFE0D8B1F6D}.AppStore|ARM.Build.0 = Debug|iPhoneSimulator
		{B492065F-53F9-486A-819D-8AFE0D8B1F6D}.AppStore|ARM64.ActiveCfg = Debug|iPhoneSimulator
		{B492065F-53F9-486A-819D-8AFE0D8B1F6D}.AppStore|ARM64.Build.0 = Debug|iPhoneSimulator
		{B492065F-53F9-486A-819D-8AFE0D8B1F6D}.AppStore|iPhone.ActiveCfg = Debug|iPhoneSimulator
		{B492065F-53F9-486A-819D-8AFE0D8B1F6D}.AppStore|iPhone.Build.0 = Debug|iPhoneSimulator
		{B492065F-53F9-486A-819D-8AFE0D8B1F6D}.AppStore|iPhoneSimulator.ActiveCfg = Debug|iPhoneSimulator
		{B492065F-53F9-486A-819D-8AFE0D8B1F6D}.AppStore|iPhoneSimulator.Build.0 = Debug|iPhoneSimulator
		{B492065F-53F9-486A-819D-8AFE0D8B1F6D}.AppStore|x64.ActiveCfg = Debug|iPhoneSimulator
		{B492065F-53F9-486A-819D-8AFE0D8B1F6D}.AppStore|x64.Build.0 = Debug|iPhoneSimulator
		{B492065F-53F9-486A-819D-8AFE0D8B1F6D}.AppStore|x86.ActiveCfg = Debug|iPhoneSimulator
		{B492065F-53F9-486A-819D-8AFE0D8B1F6D}.AppStore|x86.Build.0 = Debug|iPhoneSimulator
		{B492065F-53F9-486A-819D-8AFE0D8B1F6D}.Debug|Any CPU.ActiveCfg = Debug|iPhoneSimulator
		{B492065F-53F9-486A-819D-8AFE0D8B1F6D}.Debug|ARM.ActiveCfg = Debug|iPhoneSimulator
		{B492065F-53F9-486A-819D-8AFE0D8B1F6D}.Debug|ARM64.ActiveCfg = Debug|iPhoneSimulator
		{B492065F-53F9-486A-819D-8AFE0D8B1F6D}.Debug|iPhone.ActiveCfg = Debug|iPhoneSimulator
		{B492065F-53F9-486A-819D-8AFE0D8B1F6D}.Debug|iPhoneSimulator.ActiveCfg = Debug|iPhoneSimulator
		{B492065F-53F9-486A-819D-8AFE0D8B1F6D}.Debug|iPhoneSimulator.Build.0 = Debug|iPhoneSimulator
		{B492065F-53F9-486A-819D-8AFE0D8B1F6D}.Debug|x64.ActiveCfg = Debug|iPhoneSimulator
		{B492065F-53F9-486A-819D-8AFE0D8B1F6D}.Debug|x86.ActiveCfg = Debug|iPhoneSimulator
		{B492065F-53F9-486A-819D-8AFE0D8B1F6D}.Release|Any CPU.ActiveCfg = Release|iPhoneSimulator
		{B492065F-53F9-486A-819D-8AFE0D8B1F6D}.Release|ARM.ActiveCfg = Release|iPhoneSimulator
		{B492065F-53F9-486A-819D-8AFE0D8B1F6D}.Release|ARM64.ActiveCfg = Release|iPhoneSimulator
		{B492065F-53F9-486A-819D-8AFE0D8B1F6D}.Release|iPhone.ActiveCfg = Release|iPhoneSimulator
		{B492065F-53F9-486A-819D-8AFE0D8B1F6D}.Release|iPhoneSimulator.ActiveCfg = Release|iPhoneSimulator
		{B492065F-53F9-486A-819D-8AFE0D8B1F6D}.Release|iPhoneSimulator.Build.0 = Release|iPhoneSimulator
		{B492065F-53F9-486A-819D-8AFE0D8B1F6D}.Release|x64.ActiveCfg = Release|iPhoneSimulator
		{B492065F-53F9-486A-819D-8AFE0D8B1F6D}.Release|x86.ActiveCfg = Release|iPhoneSimulator
		{0E1AFFAA-39E6-4E51-BDE1-12F1F24B7386}.Ad-Hoc|Any CPU.ActiveCfg = Debug|Any CPU
		{0E1AFFAA-39E6-4E51-BDE1-12F1F24B7386}.Ad-Hoc|Any CPU.Build.0 = Debug|Any CPU
		{0E1AFFAA-39E6-4E51-BDE1-12F1F24B7386}.Ad-Hoc|ARM.ActiveCfg = Debug|Any CPU
		{0E1AFFAA-39E6-4E51-BDE1-12F1F24B7386}.Ad-Hoc|ARM.Build.0 = Debug|Any CPU
		{0E1AFFAA-39E6-4E51-BDE1-12F1F24B7386}.Ad-Hoc|ARM64.ActiveCfg = Debug|Any CPU
		{0E1AFFAA-39E6-4E51-BDE1-12F1F24B7386}.Ad-Hoc|ARM64.Build.0 = Debug|Any CPU
		{0E1AFFAA-39E6-4E51-BDE1-12F1F24B7386}.Ad-Hoc|iPhone.ActiveCfg = Debug|Any CPU
		{0E1AFFAA-39E6-4E51-BDE1-12F1F24B7386}.Ad-Hoc|iPhone.Build.0 = Debug|Any CPU
		{0E1AFFAA-39E6-4E51-BDE1-12F1F24B7386}.Ad-Hoc|iPhoneSimulator.ActiveCfg = Debug|Any CPU
		{0E1AFFAA-39E6-4E51-BDE1-12F1F24B7386}.Ad-Hoc|iPhoneSimulator.Build.0 = Debug|Any CPU
		{0E1AFFAA-39E6-4E51-BDE1-12F1F24B7386}.Ad-Hoc|x64.ActiveCfg = Debug|Any CPU
		{0E1AFFAA-39E6-4E51-BDE1-12F1F24B7386}.Ad-Hoc|x64.Build.0 = Debug|Any CPU
		{0E1AFFAA-39E6-4E51-BDE1-12F1F24B7386}.Ad-Hoc|x86.ActiveCfg = Debug|Any CPU
		{0E1AFFAA-39E6-4E51-BDE1-12F1F24B7386}.Ad-Hoc|x86.Build.0 = Debug|Any CPU
		{0E1AFFAA-39E6-4E51-BDE1-12F1F24B7386}.AppStore|Any CPU.ActiveCfg = Debug|Any CPU
		{0E1AFFAA-39E6-4E51-BDE1-12F1F24B7386}.AppStore|Any CPU.Build.0 = Debug|Any CPU
		{0E1AFFAA-39E6-4E51-BDE1-12F1F24B7386}.AppStore|ARM.ActiveCfg = Debug|Any CPU
		{0E1AFFAA-39E6-4E51-BDE1-12F1F24B7386}.AppStore|ARM.Build.0 = Debug|Any CPU
		{0E1AFFAA-39E6-4E51-BDE1-12F1F24B7386}.AppStore|ARM64.ActiveCfg = Debug|Any CPU
		{0E1AFFAA-39E6-4E51-BDE1-12F1F24B7386}.AppStore|ARM64.Build.0 = Debug|Any CPU
		{0E1AFFAA-39E6-4E51-BDE1-12F1F24B7386}.AppStore|iPhone.ActiveCfg = Debug|Any CPU
		{0E1AFFAA-39E6-4E51-BDE1-12F1F24B7386}.AppStore|iPhone.Build.0 = Debug|Any CPU
		{0E1AFFAA-39E6-4E51-BDE1-12F1F24B7386}.AppStore|iPhoneSimulator.ActiveCfg = Debug|Any CPU
		{0E1AFFAA-39E6-4E51-BDE1-12F1F24B7386}.AppStore|iPhoneSimulator.Build.0 = Debug|Any CPU
		{0E1AFFAA-39E6-4E51-BDE1-12F1F24B7386}.AppStore|x64.ActiveCfg = Debug|Any CPU
		{0E1AFFAA-39E6-4E51-BDE1-12F1F24B7386}.AppStore|x64.Build.0 = Debug|Any CPU
		{0E1AFFAA-39E6-4E51-BDE1-12F1F24B7386}.AppStore|x86.ActiveCfg = Debug|Any CPU
		{0E1AFFAA-39E6-4E51-BDE1-12F1F24B7386}.AppStore|x86.Build.0 = Debug|Any CPU
		{0E1AFFAA-39E6-4E51-BDE1-12F1F24B7386}.Debug|Any CPU.ActiveCfg = Debug|Any CPU
		{0E1AFFAA-39E6-4E51-BDE1-12F1F24B7386}.Debug|Any CPU.Build.0 = Debug|Any CPU
		{0E1AFFAA-39E6-4E51-BDE1-12F1F24B7386}.Debug|ARM.ActiveCfg = Debug|Any CPU
		{0E1AFFAA-39E6-4E51-BDE1-12F1F24B7386}.Debug|ARM.Build.0 = Debug|Any CPU
		{0E1AFFAA-39E6-4E51-BDE1-12F1F24B7386}.Debug|ARM64.ActiveCfg = Debug|Any CPU
		{0E1AFFAA-39E6-4E51-BDE1-12F1F24B7386}.Debug|ARM64.Build.0 = Debug|Any CPU
		{0E1AFFAA-39E6-4E51-BDE1-12F1F24B7386}.Debug|iPhone.ActiveCfg = Debug|Any CPU
		{0E1AFFAA-39E6-4E51-BDE1-12F1F24B7386}.Debug|iPhone.Build.0 = Debug|Any CPU
		{0E1AFFAA-39E6-4E51-BDE1-12F1F24B7386}.Debug|iPhoneSimulator.ActiveCfg = Debug|Any CPU
		{0E1AFFAA-39E6-4E51-BDE1-12F1F24B7386}.Debug|iPhoneSimulator.Build.0 = Debug|Any CPU
		{0E1AFFAA-39E6-4E51-BDE1-12F1F24B7386}.Debug|x64.ActiveCfg = Debug|Any CPU
		{0E1AFFAA-39E6-4E51-BDE1-12F1F24B7386}.Debug|x64.Build.0 = Debug|Any CPU
		{0E1AFFAA-39E6-4E51-BDE1-12F1F24B7386}.Debug|x86.ActiveCfg = Debug|Any CPU
		{0E1AFFAA-39E6-4E51-BDE1-12F1F24B7386}.Debug|x86.Build.0 = Debug|Any CPU
		{0E1AFFAA-39E6-4E51-BDE1-12F1F24B7386}.Release|Any CPU.ActiveCfg = Release|Any CPU
		{0E1AFFAA-39E6-4E51-BDE1-12F1F24B7386}.Release|Any CPU.Build.0 = Release|Any CPU
		{0E1AFFAA-39E6-4E51-BDE1-12F1F24B7386}.Release|ARM.ActiveCfg = Release|Any CPU
		{0E1AFFAA-39E6-4E51-BDE1-12F1F24B7386}.Release|ARM.Build.0 = Release|Any CPU
		{0E1AFFAA-39E6-4E51-BDE1-12F1F24B7386}.Release|ARM64.ActiveCfg = Release|Any CPU
		{0E1AFFAA-39E6-4E51-BDE1-12F1F24B7386}.Release|ARM64.Build.0 = Release|Any CPU
		{0E1AFFAA-39E6-4E51-BDE1-12F1F24B7386}.Release|iPhone.ActiveCfg = Release|Any CPU
		{0E1AFFAA-39E6-4E51-BDE1-12F1F24B7386}.Release|iPhone.Build.0 = Release|Any CPU
		{0E1AFFAA-39E6-4E51-BDE1-12F1F24B7386}.Release|iPhoneSimulator.ActiveCfg = Release|Any CPU
		{0E1AFFAA-39E6-4E51-BDE1-12F1F24B7386}.Release|iPhoneSimulator.Build.0 = Release|Any CPU
		{0E1AFFAA-39E6-4E51-BDE1-12F1F24B7386}.Release|x64.ActiveCfg = Release|Any CPU
		{0E1AFFAA-39E6-4E51-BDE1-12F1F24B7386}.Release|x64.Build.0 = Release|Any CPU
		{0E1AFFAA-39E6-4E51-BDE1-12F1F24B7386}.Release|x86.ActiveCfg = Release|Any CPU
		{0E1AFFAA-39E6-4E51-BDE1-12F1F24B7386}.Release|x86.Build.0 = Release|Any CPU
		{F2D7D2BF-2B94-4C2F-B93C-548C38D250F8}.Ad-Hoc|Any CPU.ActiveCfg = Debug|Any CPU
		{F2D7D2BF-2B94-4C2F-B93C-548C38D250F8}.Ad-Hoc|Any CPU.Build.0 = Debug|Any CPU
		{F2D7D2BF-2B94-4C2F-B93C-548C38D250F8}.Ad-Hoc|ARM.ActiveCfg = Debug|Any CPU
		{F2D7D2BF-2B94-4C2F-B93C-548C38D250F8}.Ad-Hoc|ARM.Build.0 = Debug|Any CPU
		{F2D7D2BF-2B94-4C2F-B93C-548C38D250F8}.Ad-Hoc|ARM64.ActiveCfg = Debug|Any CPU
		{F2D7D2BF-2B94-4C2F-B93C-548C38D250F8}.Ad-Hoc|ARM64.Build.0 = Debug|Any CPU
		{F2D7D2BF-2B94-4C2F-B93C-548C38D250F8}.Ad-Hoc|iPhone.ActiveCfg = Debug|Any CPU
		{F2D7D2BF-2B94-4C2F-B93C-548C38D250F8}.Ad-Hoc|iPhone.Build.0 = Debug|Any CPU
		{F2D7D2BF-2B94-4C2F-B93C-548C38D250F8}.Ad-Hoc|iPhoneSimulator.ActiveCfg = Debug|Any CPU
		{F2D7D2BF-2B94-4C2F-B93C-548C38D250F8}.Ad-Hoc|iPhoneSimulator.Build.0 = Debug|Any CPU
		{F2D7D2BF-2B94-4C2F-B93C-548C38D250F8}.Ad-Hoc|x64.ActiveCfg = Debug|Any CPU
		{F2D7D2BF-2B94-4C2F-B93C-548C38D250F8}.Ad-Hoc|x64.Build.0 = Debug|Any CPU
		{F2D7D2BF-2B94-4C2F-B93C-548C38D250F8}.Ad-Hoc|x86.ActiveCfg = Debug|Any CPU
		{F2D7D2BF-2B94-4C2F-B93C-548C38D250F8}.Ad-Hoc|x86.Build.0 = Debug|Any CPU
		{F2D7D2BF-2B94-4C2F-B93C-548C38D250F8}.AppStore|Any CPU.ActiveCfg = Debug|Any CPU
		{F2D7D2BF-2B94-4C2F-B93C-548C38D250F8}.AppStore|Any CPU.Build.0 = Debug|Any CPU
		{F2D7D2BF-2B94-4C2F-B93C-548C38D250F8}.AppStore|ARM.ActiveCfg = Debug|Any CPU
		{F2D7D2BF-2B94-4C2F-B93C-548C38D250F8}.AppStore|ARM.Build.0 = Debug|Any CPU
		{F2D7D2BF-2B94-4C2F-B93C-548C38D250F8}.AppStore|ARM64.ActiveCfg = Debug|Any CPU
		{F2D7D2BF-2B94-4C2F-B93C-548C38D250F8}.AppStore|ARM64.Build.0 = Debug|Any CPU
		{F2D7D2BF-2B94-4C2F-B93C-548C38D250F8}.AppStore|iPhone.ActiveCfg = Debug|Any CPU
		{F2D7D2BF-2B94-4C2F-B93C-548C38D250F8}.AppStore|iPhone.Build.0 = Debug|Any CPU
		{F2D7D2BF-2B94-4C2F-B93C-548C38D250F8}.AppStore|iPhoneSimulator.ActiveCfg = Debug|Any CPU
		{F2D7D2BF-2B94-4C2F-B93C-548C38D250F8}.AppStore|iPhoneSimulator.Build.0 = Debug|Any CPU
		{F2D7D2BF-2B94-4C2F-B93C-548C38D250F8}.AppStore|x64.ActiveCfg = Debug|Any CPU
		{F2D7D2BF-2B94-4C2F-B93C-548C38D250F8}.AppStore|x64.Build.0 = Debug|Any CPU
		{F2D7D2BF-2B94-4C2F-B93C-548C38D250F8}.AppStore|x86.ActiveCfg = Debug|Any CPU
		{F2D7D2BF-2B94-4C2F-B93C-548C38D250F8}.AppStore|x86.Build.0 = Debug|Any CPU
		{F2D7D2BF-2B94-4C2F-B93C-548C38D250F8}.Debug|Any CPU.ActiveCfg = Debug|Any CPU
		{F2D7D2BF-2B94-4C2F-B93C-548C38D250F8}.Debug|Any CPU.Build.0 = Debug|Any CPU
		{F2D7D2BF-2B94-4C2F-B93C-548C38D250F8}.Debug|ARM.ActiveCfg = Debug|Any CPU
		{F2D7D2BF-2B94-4C2F-B93C-548C38D250F8}.Debug|ARM.Build.0 = Debug|Any CPU
		{F2D7D2BF-2B94-4C2F-B93C-548C38D250F8}.Debug|ARM64.ActiveCfg = Debug|Any CPU
		{F2D7D2BF-2B94-4C2F-B93C-548C38D250F8}.Debug|ARM64.Build.0 = Debug|Any CPU
		{F2D7D2BF-2B94-4C2F-B93C-548C38D250F8}.Debug|iPhone.ActiveCfg = Debug|Any CPU
		{F2D7D2BF-2B94-4C2F-B93C-548C38D250F8}.Debug|iPhone.Build.0 = Debug|Any CPU
		{F2D7D2BF-2B94-4C2F-B93C-548C38D250F8}.Debug|iPhoneSimulator.ActiveCfg = Debug|Any CPU
		{F2D7D2BF-2B94-4C2F-B93C-548C38D250F8}.Debug|iPhoneSimulator.Build.0 = Debug|Any CPU
		{F2D7D2BF-2B94-4C2F-B93C-548C38D250F8}.Debug|x64.ActiveCfg = Debug|Any CPU
		{F2D7D2BF-2B94-4C2F-B93C-548C38D250F8}.Debug|x64.Build.0 = Debug|Any CPU
		{F2D7D2BF-2B94-4C2F-B93C-548C38D250F8}.Debug|x86.ActiveCfg = Debug|Any CPU
		{F2D7D2BF-2B94-4C2F-B93C-548C38D250F8}.Debug|x86.Build.0 = Debug|Any CPU
		{F2D7D2BF-2B94-4C2F-B93C-548C38D250F8}.Release|Any CPU.ActiveCfg = Release|Any CPU
		{F2D7D2BF-2B94-4C2F-B93C-548C38D250F8}.Release|Any CPU.Build.0 = Release|Any CPU
		{F2D7D2BF-2B94-4C2F-B93C-548C38D250F8}.Release|ARM.ActiveCfg = Release|Any CPU
		{F2D7D2BF-2B94-4C2F-B93C-548C38D250F8}.Release|ARM.Build.0 = Release|Any CPU
		{F2D7D2BF-2B94-4C2F-B93C-548C38D250F8}.Release|ARM64.ActiveCfg = Release|Any CPU
		{F2D7D2BF-2B94-4C2F-B93C-548C38D250F8}.Release|ARM64.Build.0 = Release|Any CPU
		{F2D7D2BF-2B94-4C2F-B93C-548C38D250F8}.Release|iPhone.ActiveCfg = Release|Any CPU
		{F2D7D2BF-2B94-4C2F-B93C-548C38D250F8}.Release|iPhone.Build.0 = Release|Any CPU
		{F2D7D2BF-2B94-4C2F-B93C-548C38D250F8}.Release|iPhoneSimulator.ActiveCfg = Release|Any CPU
		{F2D7D2BF-2B94-4C2F-B93C-548C38D250F8}.Release|iPhoneSimulator.Build.0 = Release|Any CPU
		{F2D7D2BF-2B94-4C2F-B93C-548C38D250F8}.Release|x64.ActiveCfg = Release|Any CPU
		{F2D7D2BF-2B94-4C2F-B93C-548C38D250F8}.Release|x64.Build.0 = Release|Any CPU
		{F2D7D2BF-2B94-4C2F-B93C-548C38D250F8}.Release|x86.ActiveCfg = Release|Any CPU
		{F2D7D2BF-2B94-4C2F-B93C-548C38D250F8}.Release|x86.Build.0 = Release|Any CPU
		{883801DB-2032-4F31-AA16-19709236D9C7}.Ad-Hoc|Any CPU.ActiveCfg = Debug|Any CPU
		{883801DB-2032-4F31-AA16-19709236D9C7}.Ad-Hoc|Any CPU.Build.0 = Debug|Any CPU
		{883801DB-2032-4F31-AA16-19709236D9C7}.Ad-Hoc|ARM.ActiveCfg = Debug|Any CPU
		{883801DB-2032-4F31-AA16-19709236D9C7}.Ad-Hoc|ARM.Build.0 = Debug|Any CPU
		{883801DB-2032-4F31-AA16-19709236D9C7}.Ad-Hoc|ARM64.ActiveCfg = Debug|Any CPU
		{883801DB-2032-4F31-AA16-19709236D9C7}.Ad-Hoc|ARM64.Build.0 = Debug|Any CPU
		{883801DB-2032-4F31-AA16-19709236D9C7}.Ad-Hoc|iPhone.ActiveCfg = Debug|Any CPU
		{883801DB-2032-4F31-AA16-19709236D9C7}.Ad-Hoc|iPhone.Build.0 = Debug|Any CPU
		{883801DB-2032-4F31-AA16-19709236D9C7}.Ad-Hoc|iPhoneSimulator.ActiveCfg = Debug|Any CPU
		{883801DB-2032-4F31-AA16-19709236D9C7}.Ad-Hoc|iPhoneSimulator.Build.0 = Debug|Any CPU
		{883801DB-2032-4F31-AA16-19709236D9C7}.Ad-Hoc|x64.ActiveCfg = Debug|Any CPU
		{883801DB-2032-4F31-AA16-19709236D9C7}.Ad-Hoc|x64.Build.0 = Debug|Any CPU
		{883801DB-2032-4F31-AA16-19709236D9C7}.Ad-Hoc|x86.ActiveCfg = Debug|Any CPU
		{883801DB-2032-4F31-AA16-19709236D9C7}.Ad-Hoc|x86.Build.0 = Debug|Any CPU
		{883801DB-2032-4F31-AA16-19709236D9C7}.AppStore|Any CPU.ActiveCfg = Debug|Any CPU
		{883801DB-2032-4F31-AA16-19709236D9C7}.AppStore|Any CPU.Build.0 = Debug|Any CPU
		{883801DB-2032-4F31-AA16-19709236D9C7}.AppStore|ARM.ActiveCfg = Debug|Any CPU
		{883801DB-2032-4F31-AA16-19709236D9C7}.AppStore|ARM.Build.0 = Debug|Any CPU
		{883801DB-2032-4F31-AA16-19709236D9C7}.AppStore|ARM64.ActiveCfg = Debug|Any CPU
		{883801DB-2032-4F31-AA16-19709236D9C7}.AppStore|ARM64.Build.0 = Debug|Any CPU
		{883801DB-2032-4F31-AA16-19709236D9C7}.AppStore|iPhone.ActiveCfg = Debug|Any CPU
		{883801DB-2032-4F31-AA16-19709236D9C7}.AppStore|iPhone.Build.0 = Debug|Any CPU
		{883801DB-2032-4F31-AA16-19709236D9C7}.AppStore|iPhoneSimulator.ActiveCfg = Debug|Any CPU
		{883801DB-2032-4F31-AA16-19709236D9C7}.AppStore|iPhoneSimulator.Build.0 = Debug|Any CPU
		{883801DB-2032-4F31-AA16-19709236D9C7}.AppStore|x64.ActiveCfg = Debug|Any CPU
		{883801DB-2032-4F31-AA16-19709236D9C7}.AppStore|x64.Build.0 = Debug|Any CPU
		{883801DB-2032-4F31-AA16-19709236D9C7}.AppStore|x86.ActiveCfg = Debug|Any CPU
		{883801DB-2032-4F31-AA16-19709236D9C7}.AppStore|x86.Build.0 = Debug|Any CPU
		{883801DB-2032-4F31-AA16-19709236D9C7}.Debug|Any CPU.ActiveCfg = Debug|Any CPU
		{883801DB-2032-4F31-AA16-19709236D9C7}.Debug|Any CPU.Build.0 = Debug|Any CPU
		{883801DB-2032-4F31-AA16-19709236D9C7}.Debug|ARM.ActiveCfg = Debug|Any CPU
		{883801DB-2032-4F31-AA16-19709236D9C7}.Debug|ARM.Build.0 = Debug|Any CPU
		{883801DB-2032-4F31-AA16-19709236D9C7}.Debug|ARM64.ActiveCfg = Debug|Any CPU
		{883801DB-2032-4F31-AA16-19709236D9C7}.Debug|ARM64.Build.0 = Debug|Any CPU
		{883801DB-2032-4F31-AA16-19709236D9C7}.Debug|iPhone.ActiveCfg = Debug|Any CPU
		{883801DB-2032-4F31-AA16-19709236D9C7}.Debug|iPhone.Build.0 = Debug|Any CPU
		{883801DB-2032-4F31-AA16-19709236D9C7}.Debug|iPhoneSimulator.ActiveCfg = Debug|Any CPU
		{883801DB-2032-4F31-AA16-19709236D9C7}.Debug|iPhoneSimulator.Build.0 = Debug|Any CPU
		{883801DB-2032-4F31-AA16-19709236D9C7}.Debug|x64.ActiveCfg = Debug|Any CPU
		{883801DB-2032-4F31-AA16-19709236D9C7}.Debug|x64.Build.0 = Debug|Any CPU
		{883801DB-2032-4F31-AA16-19709236D9C7}.Debug|x86.ActiveCfg = Debug|Any CPU
		{883801DB-2032-4F31-AA16-19709236D9C7}.Debug|x86.Build.0 = Debug|Any CPU
		{883801DB-2032-4F31-AA16-19709236D9C7}.Release|Any CPU.ActiveCfg = Release|Any CPU
		{883801DB-2032-4F31-AA16-19709236D9C7}.Release|Any CPU.Build.0 = Release|Any CPU
		{883801DB-2032-4F31-AA16-19709236D9C7}.Release|ARM.ActiveCfg = Release|Any CPU
		{883801DB-2032-4F31-AA16-19709236D9C7}.Release|ARM.Build.0 = Release|Any CPU
		{883801DB-2032-4F31-AA16-19709236D9C7}.Release|ARM64.ActiveCfg = Release|Any CPU
		{883801DB-2032-4F31-AA16-19709236D9C7}.Release|ARM64.Build.0 = Release|Any CPU
		{883801DB-2032-4F31-AA16-19709236D9C7}.Release|iPhone.ActiveCfg = Release|Any CPU
		{883801DB-2032-4F31-AA16-19709236D9C7}.Release|iPhone.Build.0 = Release|Any CPU
		{883801DB-2032-4F31-AA16-19709236D9C7}.Release|iPhoneSimulator.ActiveCfg = Release|Any CPU
		{883801DB-2032-4F31-AA16-19709236D9C7}.Release|iPhoneSimulator.Build.0 = Release|Any CPU
		{883801DB-2032-4F31-AA16-19709236D9C7}.Release|x64.ActiveCfg = Release|Any CPU
		{883801DB-2032-4F31-AA16-19709236D9C7}.Release|x64.Build.0 = Release|Any CPU
		{883801DB-2032-4F31-AA16-19709236D9C7}.Release|x86.ActiveCfg = Release|Any CPU
		{883801DB-2032-4F31-AA16-19709236D9C7}.Release|x86.Build.0 = Release|Any CPU
		{03A9314A-91C3-460D-8428-5617A5FF4344}.Ad-Hoc|Any CPU.ActiveCfg = Debug|Any CPU
		{03A9314A-91C3-460D-8428-5617A5FF4344}.Ad-Hoc|Any CPU.Build.0 = Debug|Any CPU
		{03A9314A-91C3-460D-8428-5617A5FF4344}.Ad-Hoc|ARM.ActiveCfg = Debug|Any CPU
		{03A9314A-91C3-460D-8428-5617A5FF4344}.Ad-Hoc|ARM.Build.0 = Debug|Any CPU
		{03A9314A-91C3-460D-8428-5617A5FF4344}.Ad-Hoc|ARM64.ActiveCfg = Debug|Any CPU
		{03A9314A-91C3-460D-8428-5617A5FF4344}.Ad-Hoc|ARM64.Build.0 = Debug|Any CPU
		{03A9314A-91C3-460D-8428-5617A5FF4344}.Ad-Hoc|iPhone.ActiveCfg = Debug|Any CPU
		{03A9314A-91C3-460D-8428-5617A5FF4344}.Ad-Hoc|iPhone.Build.0 = Debug|Any CPU
		{03A9314A-91C3-460D-8428-5617A5FF4344}.Ad-Hoc|iPhoneSimulator.ActiveCfg = Debug|Any CPU
		{03A9314A-91C3-460D-8428-5617A5FF4344}.Ad-Hoc|iPhoneSimulator.Build.0 = Debug|Any CPU
		{03A9314A-91C3-460D-8428-5617A5FF4344}.Ad-Hoc|x64.ActiveCfg = Debug|Any CPU
		{03A9314A-91C3-460D-8428-5617A5FF4344}.Ad-Hoc|x64.Build.0 = Debug|Any CPU
		{03A9314A-91C3-460D-8428-5617A5FF4344}.Ad-Hoc|x86.ActiveCfg = Debug|Any CPU
		{03A9314A-91C3-460D-8428-5617A5FF4344}.Ad-Hoc|x86.Build.0 = Debug|Any CPU
		{03A9314A-91C3-460D-8428-5617A5FF4344}.AppStore|Any CPU.ActiveCfg = Debug|Any CPU
		{03A9314A-91C3-460D-8428-5617A5FF4344}.AppStore|Any CPU.Build.0 = Debug|Any CPU
		{03A9314A-91C3-460D-8428-5617A5FF4344}.AppStore|ARM.ActiveCfg = Debug|Any CPU
		{03A9314A-91C3-460D-8428-5617A5FF4344}.AppStore|ARM.Build.0 = Debug|Any CPU
		{03A9314A-91C3-460D-8428-5617A5FF4344}.AppStore|ARM64.ActiveCfg = Debug|Any CPU
		{03A9314A-91C3-460D-8428-5617A5FF4344}.AppStore|ARM64.Build.0 = Debug|Any CPU
		{03A9314A-91C3-460D-8428-5617A5FF4344}.AppStore|iPhone.ActiveCfg = Debug|Any CPU
		{03A9314A-91C3-460D-8428-5617A5FF4344}.AppStore|iPhone.Build.0 = Debug|Any CPU
		{03A9314A-91C3-460D-8428-5617A5FF4344}.AppStore|iPhoneSimulator.ActiveCfg = Debug|Any CPU
		{03A9314A-91C3-460D-8428-5617A5FF4344}.AppStore|iPhoneSimulator.Build.0 = Debug|Any CPU
		{03A9314A-91C3-460D-8428-5617A5FF4344}.AppStore|x64.ActiveCfg = Debug|Any CPU
		{03A9314A-91C3-460D-8428-5617A5FF4344}.AppStore|x64.Build.0 = Debug|Any CPU
		{03A9314A-91C3-460D-8428-5617A5FF4344}.AppStore|x86.ActiveCfg = Debug|Any CPU
		{03A9314A-91C3-460D-8428-5617A5FF4344}.AppStore|x86.Build.0 = Debug|Any CPU
		{03A9314A-91C3-460D-8428-5617A5FF4344}.Debug|Any CPU.ActiveCfg = Debug|Any CPU
		{03A9314A-91C3-460D-8428-5617A5FF4344}.Debug|Any CPU.Build.0 = Debug|Any CPU
		{03A9314A-91C3-460D-8428-5617A5FF4344}.Debug|ARM.ActiveCfg = Debug|Any CPU
		{03A9314A-91C3-460D-8428-5617A5FF4344}.Debug|ARM.Build.0 = Debug|Any CPU
		{03A9314A-91C3-460D-8428-5617A5FF4344}.Debug|ARM64.ActiveCfg = Debug|Any CPU
		{03A9314A-91C3-460D-8428-5617A5FF4344}.Debug|ARM64.Build.0 = Debug|Any CPU
		{03A9314A-91C3-460D-8428-5617A5FF4344}.Debug|iPhone.ActiveCfg = Debug|Any CPU
		{03A9314A-91C3-460D-8428-5617A5FF4344}.Debug|iPhone.Build.0 = Debug|Any CPU
		{03A9314A-91C3-460D-8428-5617A5FF4344}.Debug|iPhoneSimulator.ActiveCfg = Debug|Any CPU
		{03A9314A-91C3-460D-8428-5617A5FF4344}.Debug|iPhoneSimulator.Build.0 = Debug|Any CPU
		{03A9314A-91C3-460D-8428-5617A5FF4344}.Debug|x64.ActiveCfg = Debug|Any CPU
		{03A9314A-91C3-460D-8428-5617A5FF4344}.Debug|x64.Build.0 = Debug|Any CPU
		{03A9314A-91C3-460D-8428-5617A5FF4344}.Debug|x86.ActiveCfg = Debug|Any CPU
		{03A9314A-91C3-460D-8428-5617A5FF4344}.Debug|x86.Build.0 = Debug|Any CPU
		{03A9314A-91C3-460D-8428-5617A5FF4344}.Release|Any CPU.ActiveCfg = Release|Any CPU
		{03A9314A-91C3-460D-8428-5617A5FF4344}.Release|Any CPU.Build.0 = Release|Any CPU
		{03A9314A-91C3-460D-8428-5617A5FF4344}.Release|ARM.ActiveCfg = Release|Any CPU
		{03A9314A-91C3-460D-8428-5617A5FF4344}.Release|ARM.Build.0 = Release|Any CPU
		{03A9314A-91C3-460D-8428-5617A5FF4344}.Release|ARM64.ActiveCfg = Release|Any CPU
		{03A9314A-91C3-460D-8428-5617A5FF4344}.Release|ARM64.Build.0 = Release|Any CPU
		{03A9314A-91C3-460D-8428-5617A5FF4344}.Release|iPhone.ActiveCfg = Release|Any CPU
		{03A9314A-91C3-460D-8428-5617A5FF4344}.Release|iPhone.Build.0 = Release|Any CPU
		{03A9314A-91C3-460D-8428-5617A5FF4344}.Release|iPhoneSimulator.ActiveCfg = Release|Any CPU
		{03A9314A-91C3-460D-8428-5617A5FF4344}.Release|iPhoneSimulator.Build.0 = Release|Any CPU
		{03A9314A-91C3-460D-8428-5617A5FF4344}.Release|x64.ActiveCfg = Release|Any CPU
		{03A9314A-91C3-460D-8428-5617A5FF4344}.Release|x64.Build.0 = Release|Any CPU
		{03A9314A-91C3-460D-8428-5617A5FF4344}.Release|x86.ActiveCfg = Release|Any CPU
		{03A9314A-91C3-460D-8428-5617A5FF4344}.Release|x86.Build.0 = Release|Any CPU
		{5F24235A-EBCC-45D6-8E09-9060DFA30FC4}.Ad-Hoc|Any CPU.ActiveCfg = Debug|Any CPU
		{5F24235A-EBCC-45D6-8E09-9060DFA30FC4}.Ad-Hoc|Any CPU.Build.0 = Debug|Any CPU
		{5F24235A-EBCC-45D6-8E09-9060DFA30FC4}.Ad-Hoc|ARM.ActiveCfg = Debug|Any CPU
		{5F24235A-EBCC-45D6-8E09-9060DFA30FC4}.Ad-Hoc|ARM.Build.0 = Debug|Any CPU
		{5F24235A-EBCC-45D6-8E09-9060DFA30FC4}.Ad-Hoc|ARM64.ActiveCfg = Debug|Any CPU
		{5F24235A-EBCC-45D6-8E09-9060DFA30FC4}.Ad-Hoc|ARM64.Build.0 = Debug|Any CPU
		{5F24235A-EBCC-45D6-8E09-9060DFA30FC4}.Ad-Hoc|iPhone.ActiveCfg = Debug|Any CPU
		{5F24235A-EBCC-45D6-8E09-9060DFA30FC4}.Ad-Hoc|iPhone.Build.0 = Debug|Any CPU
		{5F24235A-EBCC-45D6-8E09-9060DFA30FC4}.Ad-Hoc|iPhoneSimulator.ActiveCfg = Debug|Any CPU
		{5F24235A-EBCC-45D6-8E09-9060DFA30FC4}.Ad-Hoc|iPhoneSimulator.Build.0 = Debug|Any CPU
		{5F24235A-EBCC-45D6-8E09-9060DFA30FC4}.Ad-Hoc|x64.ActiveCfg = Debug|Any CPU
		{5F24235A-EBCC-45D6-8E09-9060DFA30FC4}.Ad-Hoc|x64.Build.0 = Debug|Any CPU
		{5F24235A-EBCC-45D6-8E09-9060DFA30FC4}.Ad-Hoc|x86.ActiveCfg = Debug|Any CPU
		{5F24235A-EBCC-45D6-8E09-9060DFA30FC4}.Ad-Hoc|x86.Build.0 = Debug|Any CPU
		{5F24235A-EBCC-45D6-8E09-9060DFA30FC4}.AppStore|Any CPU.ActiveCfg = Debug|Any CPU
		{5F24235A-EBCC-45D6-8E09-9060DFA30FC4}.AppStore|Any CPU.Build.0 = Debug|Any CPU
		{5F24235A-EBCC-45D6-8E09-9060DFA30FC4}.AppStore|ARM.ActiveCfg = Debug|Any CPU
		{5F24235A-EBCC-45D6-8E09-9060DFA30FC4}.AppStore|ARM.Build.0 = Debug|Any CPU
		{5F24235A-EBCC-45D6-8E09-9060DFA30FC4}.AppStore|ARM64.ActiveCfg = Debug|Any CPU
		{5F24235A-EBCC-45D6-8E09-9060DFA30FC4}.AppStore|ARM64.Build.0 = Debug|Any CPU
		{5F24235A-EBCC-45D6-8E09-9060DFA30FC4}.AppStore|iPhone.ActiveCfg = Debug|Any CPU
		{5F24235A-EBCC-45D6-8E09-9060DFA30FC4}.AppStore|iPhone.Build.0 = Debug|Any CPU
		{5F24235A-EBCC-45D6-8E09-9060DFA30FC4}.AppStore|iPhoneSimulator.ActiveCfg = Debug|Any CPU
		{5F24235A-EBCC-45D6-8E09-9060DFA30FC4}.AppStore|iPhoneSimulator.Build.0 = Debug|Any CPU
		{5F24235A-EBCC-45D6-8E09-9060DFA30FC4}.AppStore|x64.ActiveCfg = Debug|Any CPU
		{5F24235A-EBCC-45D6-8E09-9060DFA30FC4}.AppStore|x64.Build.0 = Debug|Any CPU
		{5F24235A-EBCC-45D6-8E09-9060DFA30FC4}.AppStore|x86.ActiveCfg = Debug|Any CPU
		{5F24235A-EBCC-45D6-8E09-9060DFA30FC4}.AppStore|x86.Build.0 = Debug|Any CPU
		{5F24235A-EBCC-45D6-8E09-9060DFA30FC4}.Debug|Any CPU.ActiveCfg = Debug|Any CPU
		{5F24235A-EBCC-45D6-8E09-9060DFA30FC4}.Debug|Any CPU.Build.0 = Debug|Any CPU
		{5F24235A-EBCC-45D6-8E09-9060DFA30FC4}.Debug|ARM.ActiveCfg = Debug|Any CPU
		{5F24235A-EBCC-45D6-8E09-9060DFA30FC4}.Debug|ARM.Build.0 = Debug|Any CPU
		{5F24235A-EBCC-45D6-8E09-9060DFA30FC4}.Debug|ARM64.ActiveCfg = Debug|Any CPU
		{5F24235A-EBCC-45D6-8E09-9060DFA30FC4}.Debug|ARM64.Build.0 = Debug|Any CPU
		{5F24235A-EBCC-45D6-8E09-9060DFA30FC4}.Debug|iPhone.ActiveCfg = Debug|Any CPU
		{5F24235A-EBCC-45D6-8E09-9060DFA30FC4}.Debug|iPhone.Build.0 = Debug|Any CPU
		{5F24235A-EBCC-45D6-8E09-9060DFA30FC4}.Debug|iPhoneSimulator.ActiveCfg = Debug|Any CPU
		{5F24235A-EBCC-45D6-8E09-9060DFA30FC4}.Debug|iPhoneSimulator.Build.0 = Debug|Any CPU
		{5F24235A-EBCC-45D6-8E09-9060DFA30FC4}.Debug|x64.ActiveCfg = Debug|Any CPU
		{5F24235A-EBCC-45D6-8E09-9060DFA30FC4}.Debug|x64.Build.0 = Debug|Any CPU
		{5F24235A-EBCC-45D6-8E09-9060DFA30FC4}.Debug|x86.ActiveCfg = Debug|Any CPU
		{5F24235A-EBCC-45D6-8E09-9060DFA30FC4}.Debug|x86.Build.0 = Debug|Any CPU
		{5F24235A-EBCC-45D6-8E09-9060DFA30FC4}.Release|Any CPU.ActiveCfg = Release|Any CPU
		{5F24235A-EBCC-45D6-8E09-9060DFA30FC4}.Release|Any CPU.Build.0 = Release|Any CPU
		{5F24235A-EBCC-45D6-8E09-9060DFA30FC4}.Release|ARM.ActiveCfg = Release|Any CPU
		{5F24235A-EBCC-45D6-8E09-9060DFA30FC4}.Release|ARM.Build.0 = Release|Any CPU
		{5F24235A-EBCC-45D6-8E09-9060DFA30FC4}.Release|ARM64.ActiveCfg = Release|Any CPU
		{5F24235A-EBCC-45D6-8E09-9060DFA30FC4}.Release|ARM64.Build.0 = Release|Any CPU
		{5F24235A-EBCC-45D6-8E09-9060DFA30FC4}.Release|iPhone.ActiveCfg = Release|Any CPU
		{5F24235A-EBCC-45D6-8E09-9060DFA30FC4}.Release|iPhone.Build.0 = Release|Any CPU
		{5F24235A-EBCC-45D6-8E09-9060DFA30FC4}.Release|iPhoneSimulator.ActiveCfg = Release|Any CPU
		{5F24235A-EBCC-45D6-8E09-9060DFA30FC4}.Release|iPhoneSimulator.Build.0 = Release|Any CPU
		{5F24235A-EBCC-45D6-8E09-9060DFA30FC4}.Release|x64.ActiveCfg = Release|Any CPU
		{5F24235A-EBCC-45D6-8E09-9060DFA30FC4}.Release|x64.Build.0 = Release|Any CPU
		{5F24235A-EBCC-45D6-8E09-9060DFA30FC4}.Release|x86.ActiveCfg = Release|Any CPU
		{5F24235A-EBCC-45D6-8E09-9060DFA30FC4}.Release|x86.Build.0 = Release|Any CPU
	EndGlobalSection
	GlobalSection(SolutionProperties) = preSolution
		HideSolutionNode = FALSE
	EndGlobalSection
	GlobalSection(NestedProjects) = preSolution
		{27F7534E-08CE-430E-AEEE-6B6006427267} = {ADC253C7-B8A6-47A7-A9DE-AD856D4E3621}
		{F8A8A8AF-CACF-4A65-9BBC-373A7953CAF3} = {ADC253C7-B8A6-47A7-A9DE-AD856D4E3621}
		{CE644220-1B67-4735-9738-1F2BB0B8DB8C} = {ADC253C7-B8A6-47A7-A9DE-AD856D4E3621}
		{E1E91426-7CCF-4101-9C19-C9859F34E5F4} = {ADC253C7-B8A6-47A7-A9DE-AD856D4E3621}
		{B492065F-53F9-486A-819D-8AFE0D8B1F6D} = {ADC253C7-B8A6-47A7-A9DE-AD856D4E3621}
		{0E1AFFAA-39E6-4E51-BDE1-12F1F24B7386} = {ADC253C7-B8A6-47A7-A9DE-AD856D4E3621}
		{F2D7D2BF-2B94-4C2F-B93C-548C38D250F8} = {ADC253C7-B8A6-47A7-A9DE-AD856D4E3621}
		{883801DB-2032-4F31-AA16-19709236D9C7} = {ADC253C7-B8A6-47A7-A9DE-AD856D4E3621}
		{03A9314A-91C3-460D-8428-5617A5FF4344} = {ADC253C7-B8A6-47A7-A9DE-AD856D4E3621}
	EndGlobalSection
	GlobalSection(ExtensibilityGlobals) = postSolution
		SolutionGuid = {9DAEA495-4AB2-43CA-9AF1-FDA588A768AF}
	EndGlobalSection
EndGlobal
